
Microsoft Visual Studio Solution File, Format Version 12.00
# Visual Studio Version 17
VisualStudioVersion = 17.8.34330.188
MinimumVisualStudioVersion = 10.0.40219.1
Project("{FAE04EC0-301F-11D3-BF4B-00C04F79EFBC}") = "OtelIdentityApi", "OtelIdentityApi\OtelIdentityApi.csproj", "{B0C65085-69F6-4796-9C7F-40AE31898BE8}"
EndProject
Project("{FAE04EC0-301F-11D3-BF4B-00C04F79EFBC}") = "Domain", "Domain\Domain.csproj", "{8534033A-4745-413F-B94E-75EC2EC0BE96}"
EndProject
Project("{FAE04EC0-301F-11D3-BF4B-00C04F79EFBC}") = "Application", "Application\Application.csproj", "{7A8F709B-44C6-4D63-9145-D18269D73769}"
EndProject
Project("{FAE04EC0-301F-11D3-BF4B-00C04F79EFBC}") = "Infrastructure", "Infrastructure\Infrastructure.csproj", "{2AC46C28-FE90-4721-A740-61AF0F806256}"
EndProject
Project("{FAE04EC0-301F-11D3-BF4B-00C04F79EFBC}") = "Contact", "Contact\Contact.csproj", "{891574C6-E20A-4D8D-8998-37506E5FA3AF}"
EndProject
Global
	GlobalSection(SolutionConfigurationPlatforms) = preSolution
		Debug|Any CPU = Debug|Any CPU
		Release|Any CPU = Release|Any CPU
	EndGlobalSection
	GlobalSection(ProjectConfigurationPlatforms) = postSolution
		{B0C65085-69F6-4796-9C7F-40AE31898BE8}.Debug|Any CPU.ActiveCfg = Debug|Any CPU
		{B0C65085-69F6-4796-9C7F-40AE31898BE8}.Debug|Any CPU.Build.0 = Debug|Any CPU
		{B0C65085-69F6-4796-9C7F-40AE31898BE8}.Release|Any CPU.ActiveCfg = Release|Any CPU
		{B0C65085-69F6-4796-9C7F-40AE31898BE8}.Release|Any CPU.Build.0 = Release|Any CPU
		{8534033A-4745-413F-B94E-75EC2EC0BE96}.Debug|Any CPU.ActiveCfg = Debug|Any CPU
		{8534033A-4745-413F-B94E-75EC2EC0BE96}.Debug|Any CPU.Build.0 = Debug|Any CPU
		{8534033A-4745-413F-B94E-75EC2EC0BE96}.Release|Any CPU.ActiveCfg = Release|Any CPU
		{8534033A-4745-413F-B94E-75EC2EC0BE96}.Release|Any CPU.Build.0 = Release|Any CPU
		{7A8F709B-44C6-4D63-9145-D18269D73769}.Debug|Any CPU.ActiveCfg = Debug|Any CPU
		{7A8F709B-44C6-4D63-9145-D18269D73769}.Debug|Any CPU.Build.0 = Debug|Any CPU
		{7A8F709B-44C6-4D63-9145-D18269D73769}.Release|Any CPU.ActiveCfg = Release|Any CPU
		{7A8F709B-44C6-4D63-9145-D18269D73769}.Release|Any CPU.Build.0 = Release|Any CPU
		{2AC46C28-FE90-4721-A740-61AF0F806256}.Debug|Any CPU.ActiveCfg = Debug|Any CPU
		{2AC46C28-FE90-4721-A740-61AF0F806256}.Debug|Any CPU.Build.0 = Debug|Any CPU
		{2AC46C28-FE90-4721-A740-61AF0F806256}.Release|Any CPU.ActiveCfg = Release|Any CPU
		{2AC46C28-FE90-4721-A740-61AF0F806256}.Release|Any CPU.Build.0 = Release|Any CPU
		{891574C6-E20A-4D8D-8998-37506E5FA3AF}.Debug|Any CPU.ActiveCfg = Debug|Any CPU
		{891574C6-E20A-4D8D-8998-37506E5FA3AF}.Debug|Any CPU.Build.0 = Debug|Any CPU
		{891574C6-E20A-4D8D-8998-37506E5FA3AF}.Release|Any CPU.ActiveCfg = Release|Any CPU
		{891574C6-E20A-4D8D-8998-37506E5FA3AF}.Release|Any CPU.Build.0 = Release|Any CPU
	EndGlobalSection
	GlobalSection(SolutionProperties) = preSolution
		HideSolutionNode = FALSE
	EndGlobalSection
	GlobalSection(ExtensibilityGlobals) = postSolution
		SolutionGuid = {8873F4CB-6429-49AB-8602-DD5A11C98549}
	EndGlobalSection
EndGlobal
